
Microsoft Visual Studio Solution File, Format Version 12.00
Project("{FAE04EC0-301F-11D3-BF4B-00C04F79EFBC}") = "WebAPI", "WebAPI\WebAPI.csproj", "{8807ECCA-0339-4809-A4C5-47D56DFD3C38}"
EndProject
Project("{FAE04EC0-301F-11D3-BF4B-00C04F79EFBC}") = "UnitTests", "UnitTests\UnitTests.csproj", "{92310F59-5A93-4EA7-8D7E-D2B3C2D10351}"
EndProject
Global
	GlobalSection(SolutionConfigurationPlatforms) = preSolution
		Debug|Any CPU = Debug|Any CPU
		Release|Any CPU = Release|Any CPU
	EndGlobalSection
	GlobalSection(ProjectConfigurationPlatforms) = postSolution
		{8807ECCA-0339-4809-A4C5-47D56DFD3C38}.Debug|Any CPU.ActiveCfg = Debug|Any CPU
		{8807ECCA-0339-4809-A4C5-47D56DFD3C38}.Debug|Any CPU.Build.0 = Debug|Any CPU
		{8807ECCA-0339-4809-A4C5-47D56DFD3C38}.Release|Any CPU.ActiveCfg = Release|Any CPU
		{8807ECCA-0339-4809-A4C5-47D56DFD3C38}.Release|Any CPU.Build.0 = Release|Any CPU
		{92310F59-5A93-4EA7-8D7E-D2B3C2D10351}.Debug|Any CPU.ActiveCfg = Debug|Any CPU
		{92310F59-5A93-4EA7-8D7E-D2B3C2D10351}.Debug|Any CPU.Build.0 = Debug|Any CPU
		{92310F59-5A93-4EA7-8D7E-D2B3C2D10351}.Release|Any CPU.ActiveCfg = Release|Any CPU
		{92310F59-5A93-4EA7-8D7E-D2B3C2D10351}.Release|Any CPU.Build.0 = Release|Any CPU
	EndGlobalSection
EndGlobal
